
Microsoft Visual Studio Solution File, Format Version 12.00
# Visual Studio 2012
Project("{FAE04EC0-301F-11D3-BF4B-00C04F79EFBC}") = "Recipe.Shared", "RecipeManager\Recipe.Shared.csproj", "{2DDD2CD9-DB9D-4BB1-9939-A4043AB9629D}"
EndProject
Global
	GlobalSection(SolutionConfigurationPlatforms) = preSolution
		Debug|Any CPU = Debug|Any CPU
		Release|Any CPU = Release|Any CPU
	EndGlobalSection
	GlobalSection(ProjectConfigurationPlatforms) = postSolution
		{2DDD2CD9-DB9D-4BB1-9939-A4043AB9629D}.Debug|Any CPU.ActiveCfg = Debug|Any CPU
		{2DDD2CD9-DB9D-4BB1-9939-A4043AB9629D}.Debug|Any CPU.Build.0 = Debug|Any CPU
		{2DDD2CD9-DB9D-4BB1-9939-A4043AB9629D}.Release|Any CPU.ActiveCfg = Release|Any CPU
		{2DDD2CD9-DB9D-4BB1-9939-A4043AB9629D}.Release|Any CPU.Build.0 = Release|Any CPU
	EndGlobalSection
	GlobalSection(SolutionProperties) = preSolution
		HideSolutionNode = FALSE
	EndGlobalSection
EndGlobal
